<Solution>
  <Folder Name="/src/">
    <Project Path="src/Coworkee.Application/Coworkee.Application.csproj" />
    <Project Path="src/Coworkee.Aspire/Coworkee.Aspire.csproj" />
    <Project Path="src/Coworkee.AspNetCore/Coworkee.AspNetCore.csproj" />
    <Project Path="src/Coworkee.AuthServer/Coworkee.AuthServer.csproj" />
    <Project Path="src/Coworkee.BackgroundJobs/Coworkee.BackgroundJobs.csproj" />
    <Project Path="src/Coworkee.Bff/Coworkee.Bff.csproj" />
    <Project Path="src/Coworkee.Client.Blazor/Coworkee.Client.Blazor.csproj" />
    <Project Path="src/Coworkee.Contracts/Coworkee.Contracts.csproj" />
    <Project Path="src/Coworkee.Core/Coworkee.Core.csproj" />
    <Project Path="src/Coworkee.Domain/Coworkee.Domain.csproj" />
    <Project Path="src/Coworkee.Identity/Coworkee.Identity.csproj" />
    <Project Path="src/Coworkee.Infrastructure/Coworkee.Infrastructure.csproj" />
    <Project Path="src/Coworkee.Settings/Coworkee.Settings.csproj" />
    <Project Path="src/Coworkee.Testing/Coworkee.Testing.csproj" />
  </Folder>
  <Folder Name="/tests/">
    <Project Path="tests/Coworkee.Application.Tests/Coworkee.Application.Tests.csproj" />
    <Project Path="tests/Coworkee.ArchitectureTests/Coworkee.ArchitectureTests.csproj" />
    <Project Path="tests/Coworkee.Aspire.Tests/Coworkee.Aspire.Tests.csproj" />
    <Project Path="tests/Coworkee.AspNetCore.Tests/Coworkee.AspNetCore.Tests.csproj" />
    <Project Path="tests/Coworkee.AuthServer.Tests/Coworkee.AuthServer.Tests.csproj" />
    <Project Path="tests/Coworkee.BackgroundJobs.Tests/Coworkee.BackgroundJobs.Tests.csproj" />
    <Project Path="tests/Coworkee.Bff.Tests/Coworkee.Bff.Tests.csproj" />
    <Project Path="tests/Coworkee.Client.Blazor.Tests/Coworkee.Client.Blazor.Tests.csproj" />
    <Project Path="tests/Coworkee.Core.Tests/Coworkee.Core.Tests.csproj" />
    <Project Path="tests/Coworkee.Domain.Tests/Coworkee.Domain.Tests.csproj" />
    <Project Path="tests/Coworkee.Identity.Tests/Coworkee.Identity.Tests.csproj" />
    <Project Path="tests/Coworkee.Infrastructure.Tests/Coworkee.Infrastructure.Tests.csproj" />
    <Project Path="tests/Coworkee.Settings.Tests/Coworkee.Settings.Tests.csproj" />
  </Folder>
</Solution>
