<Solution>
  <Folder Name="/src/">
    <Project Path="src/Coworkee.Account/Coworkee.Account.csproj" />
    <Project Path="src/Coworkee.Application/Coworkee.Application.csproj" />
    <Project Path="src/Coworkee.Aspire/Coworkee.Aspire.csproj" />
    <Project Path="src/Coworkee.AspNetCore/Coworkee.AspNetCore.csproj" />
    <Project Path="src/Coworkee.Auditing/Coworkee.Auditing.csproj" />
    <Project Path="src/Coworkee.AuthServer/Coworkee.AuthServer.csproj" />
    <Project Path="src/Coworkee.BackgroundJobs/Coworkee.BackgroundJobs.csproj" />
    <Project Path="src/Coworkee.Bff/Coworkee.Bff.csproj" />
    <Project Path="src/Coworkee.Client.Blazor/Coworkee.Client.Blazor.csproj" />
    <Project Path="src/Coworkee.Contracts/Coworkee.Contracts.csproj" />
    <Project Path="src/Coworkee.Core/Coworkee.Core.csproj" />
    <Project Path="src/Coworkee.Domain/Coworkee.Domain.csproj" />
    <Project Path="src/Coworkee.Identity/Coworkee.Identity.csproj" />
    <Project Path="src/Coworkee.Infrastructure/Coworkee.Infrastructure.csproj" />
    <Project Path="src/Coworkee.Ai/Coworkee.Ai.csproj" />
    <Project Path="src/Coworkee.Mailing/Coworkee.Mailing.csproj" />
    <Project Path="src/Coworkee.Notifications/Coworkee.Notifications.csproj" />
    <Project Path="src/Coworkee.Realtime/Coworkee.Realtime.csproj" />
    <Project Path="src/Coworkee.Search/Coworkee.Search.csproj" />
    <Project Path="src/Coworkee.Search.Elasticsearch/Coworkee.Search.Elasticsearch.csproj" />
    <Project Path="src/Coworkee.Settings/Coworkee.Settings.csproj" />
    <Project Path="src/Coworkee.Storage/Coworkee.Storage.csproj" />
    <Project Path="src/Coworkee.Testing/Coworkee.Testing.csproj" />
    <Project Path="src/Coworkee.Theming/Coworkee.Theming.csproj" />
  </Folder>
  <Folder Name="/tests/">
    <Project Path="tests/Coworkee.Account.Tests/Coworkee.Account.Tests.csproj" />
    <Project Path="tests/Coworkee.Application.Tests/Coworkee.Application.Tests.csproj" />
    <Project Path="tests/Coworkee.ArchitectureTests/Coworkee.ArchitectureTests.csproj" />
    <Project Path="tests/Coworkee.Aspire.Tests/Coworkee.Aspire.Tests.csproj" />
    <Project Path="tests/Coworkee.AspNetCore.Tests/Coworkee.AspNetCore.Tests.csproj" />
    <Project Path="tests/Coworkee.Auditing.Tests/Coworkee.Auditing.Tests.csproj" />
    <Project Path="tests/Coworkee.AuthServer.Tests/Coworkee.AuthServer.Tests.csproj" />
    <Project Path="tests/Coworkee.BackgroundJobs.Tests/Coworkee.BackgroundJobs.Tests.csproj" />
    <Project Path="tests/Coworkee.Bff.Tests/Coworkee.Bff.Tests.csproj" />
    <Project Path="tests/Coworkee.Client.Blazor.Tests/Coworkee.Client.Blazor.Tests.csproj" />
    <Project Path="tests/Coworkee.Core.Tests/Coworkee.Core.Tests.csproj" />
    <Project Path="tests/Coworkee.Domain.Tests/Coworkee.Domain.Tests.csproj" />
    <Project Path="tests/Coworkee.Identity.Tests/Coworkee.Identity.Tests.csproj" />
    <Project Path="tests/Coworkee.Infrastructure.Tests/Coworkee.Infrastructure.Tests.csproj" />
    <Project Path="tests/Coworkee.Ai.Tests/Coworkee.Ai.Tests.csproj" />
    <Project Path="tests/Coworkee.Mailing.Tests/Coworkee.Mailing.Tests.csproj" />
    <Project Path="tests/Coworkee.Notifications.Tests/Coworkee.Notifications.Tests.csproj" />
    <Project Path="tests/Coworkee.Realtime.Tests/Coworkee.Realtime.Tests.csproj" />
    <Project Path="tests/Coworkee.Search.Tests/Coworkee.Search.Tests.csproj" />
    <Project Path="tests/Coworkee.Settings.Tests/Coworkee.Settings.Tests.csproj" />
    <Project Path="tests/Coworkee.Storage.Tests/Coworkee.Storage.Tests.csproj" />
    <Project Path="tests/Coworkee.Theming.Tests/Coworkee.Theming.Tests.csproj" />
  </Folder>
</Solution>
